
Microsoft Visual Studio Solution File, Format Version 12.00
# Visual Studio 2013
VisualStudioVersion = 12.0.40629.0
MinimumVisualStudioVersion = 10.0.40219.1
Project("{FAE04EC0-301F-11D3-BF4B-00C04F79EFBC}") = "EsperanceClient", "EsperanceClient\EsperanceClient.csproj", "{DC1C920F-8FBF-4412-AA6C-EC0FF7CEDD2D}"
EndProject
Project("{FAE04EC0-301F-11D3-BF4B-00C04F79EFBC}") = "EsperanceClient.iOS", "iOS\EsperanceClient.iOS.csproj", "{97AA4E95-0D24-41BE-81C9-96E44B5362D8}"
EndProject
Project("{FAE04EC0-301F-11D3-BF4B-00C04F79EFBC}") = "EsperanceClient.Droid", "Droid\EsperanceClient.Droid.csproj", "{2A264C47-14DE-41AA-9D86-D77C112513EF}"
EndProject
Project("{FAE04EC0-301F-11D3-BF4B-00C04F79EFBC}") = "Chat.Esperance.Core", "Chat.Esperance.Core\Chat.Esperance.Core.csproj", "{67F9D3A8-F71E-4428-913F-C37AE82CDB24}"
EndProject
Project("{FAE04EC0-301F-11D3-BF4B-00C04F79EFBC}") = "Chat.Esperance.Xamarin.Forms", "Chat.Esperance.Xamarin.Forms\Chat.Esperance.Xamarin.Forms.csproj", "{C1F34B16-A86A-4C24-8E02-78D1806D129C}"
EndProject
Project("{FAE04EC0-301F-11D3-BF4B-00C04F79EFBC}") = "Donky.Core", "Donky\Donky.Core\Core\Donky.Core.csproj", "{224C3184-5BE6-4CE3-B437-DFCD6B01F217}"
EndProject
Project("{FAE04EC0-301F-11D3-BF4B-00C04F79EFBC}") = "Donky.Core.Analytics", "Donky\Donky.Core\Core.Analytics\Donky.Core.Analytics.csproj", "{07913557-E20B-4BD8-9790-157757B2A5BB}"
EndProject
Project("{FAE04EC0-301F-11D3-BF4B-00C04F79EFBC}") = "Donky.Core.Xamarin.Forms", "Donky\Donky.Core.Xamarin\Core.Xamarin.Forms\Donky.Core.Xamarin.Forms.csproj", "{9D206E80-E210-4DC0-9D4C-E0DF72B18780}"
EndProject
Project("{FAE04EC0-301F-11D3-BF4B-00C04F79EFBC}") = "Donky.Core.Xamarin.Android", "Donky\Donky.Core.Xamarin\Core.Xamarin.Android\Donky.Core.Xamarin.Android.csproj", "{8247EA89-8A36-4519-AE96-F01C0D518CC1}"
EndProject
Project("{FAE04EC0-301F-11D3-BF4B-00C04F79EFBC}") = "Donky.Core.Xamarin.Android.Forms", "Donky\Donky.Core.Xamarin\Core.Xamarin.Android.Forms\Donky.Core.Xamarin.Android.Forms.csproj", "{FB4098FE-E8C1-4CDC-AB0B-75B7A9697067}"
EndProject
Project("{2150E333-8FDC-42A3-9474-1A3956D46DE8}") = ".nuget", ".nuget", "{DE7BEB01-FA48-427F-9BF4-9578038CA352}"
	ProjectSection(SolutionItems) = preProject
		.nuget\NuGet.Config = .nuget\NuGet.Config
		.nuget\NuGet.exe = .nuget\NuGet.exe
		.nuget\NuGet.targets = .nuget\NuGet.targets
	EndProjectSection
EndProject
Global
	GlobalSection(SolutionConfigurationPlatforms) = preSolution
		Debug|Any CPU = Debug|Any CPU
		Debug|iPhone = Debug|iPhone
		Debug|iPhoneSimulator = Debug|iPhoneSimulator
		Release|Any CPU = Release|Any CPU
		Release|iPhone = Release|iPhone
		Release|iPhoneSimulator = Release|iPhoneSimulator
	EndGlobalSection
	GlobalSection(ProjectConfigurationPlatforms) = postSolution
		{DC1C920F-8FBF-4412-AA6C-EC0FF7CEDD2D}.Debug|Any CPU.ActiveCfg = Debug|Any CPU
		{DC1C920F-8FBF-4412-AA6C-EC0FF7CEDD2D}.Debug|Any CPU.Build.0 = Debug|Any CPU
		{DC1C920F-8FBF-4412-AA6C-EC0FF7CEDD2D}.Debug|iPhone.ActiveCfg = Debug|Any CPU
		{DC1C920F-8FBF-4412-AA6C-EC0FF7CEDD2D}.Debug|iPhone.Build.0 = Debug|Any CPU
		{DC1C920F-8FBF-4412-AA6C-EC0FF7CEDD2D}.Debug|iPhoneSimulator.ActiveCfg = Debug|Any CPU
		{DC1C920F-8FBF-4412-AA6C-EC0FF7CEDD2D}.Debug|iPhoneSimulator.Build.0 = Debug|Any CPU
		{DC1C920F-8FBF-4412-AA6C-EC0FF7CEDD2D}.Release|Any CPU.ActiveCfg = Release|Any CPU
		{DC1C920F-8FBF-4412-AA6C-EC0FF7CEDD2D}.Release|Any CPU.Build.0 = Release|Any CPU
		{DC1C920F-8FBF-4412-AA6C-EC0FF7CEDD2D}.Release|iPhone.ActiveCfg = Release|Any CPU
		{DC1C920F-8FBF-4412-AA6C-EC0FF7CEDD2D}.Release|iPhone.Build.0 = Release|Any CPU
		{DC1C920F-8FBF-4412-AA6C-EC0FF7CEDD2D}.Release|iPhoneSimulator.ActiveCfg = Release|Any CPU
		{DC1C920F-8FBF-4412-AA6C-EC0FF7CEDD2D}.Release|iPhoneSimulator.Build.0 = Release|Any CPU
		{97AA4E95-0D24-41BE-81C9-96E44B5362D8}.Debug|Any CPU.ActiveCfg = Debug|iPhoneSimulator
		{97AA4E95-0D24-41BE-81C9-96E44B5362D8}.Debug|iPhone.ActiveCfg = Debug|iPhone
		{97AA4E95-0D24-41BE-81C9-96E44B5362D8}.Debug|iPhone.Build.0 = Debug|iPhone
		{97AA4E95-0D24-41BE-81C9-96E44B5362D8}.Debug|iPhoneSimulator.ActiveCfg = Debug|iPhoneSimulator
		{97AA4E95-0D24-41BE-81C9-96E44B5362D8}.Debug|iPhoneSimulator.Build.0 = Debug|iPhoneSimulator
		{97AA4E95-0D24-41BE-81C9-96E44B5362D8}.Release|Any CPU.ActiveCfg = Release|iPhone
		{97AA4E95-0D24-41BE-81C9-96E44B5362D8}.Release|Any CPU.Build.0 = Release|iPhone
		{97AA4E95-0D24-41BE-81C9-96E44B5362D8}.Release|iPhone.ActiveCfg = Release|iPhone
		{97AA4E95-0D24-41BE-81C9-96E44B5362D8}.Release|iPhone.Build.0 = Release|iPhone
		{97AA4E95-0D24-41BE-81C9-96E44B5362D8}.Release|iPhoneSimulator.ActiveCfg = Release|iPhoneSimulator
		{97AA4E95-0D24-41BE-81C9-96E44B5362D8}.Release|iPhoneSimulator.Build.0 = Release|iPhoneSimulator
		{2A264C47-14DE-41AA-9D86-D77C112513EF}.Debug|Any CPU.ActiveCfg = Debug|Any CPU
		{2A264C47-14DE-41AA-9D86-D77C112513EF}.Debug|Any CPU.Build.0 = Debug|Any CPU
		{2A264C47-14DE-41AA-9D86-D77C112513EF}.Debug|Any CPU.Deploy.0 = Debug|Any CPU
		{2A264C47-14DE-41AA-9D86-D77C112513EF}.Debug|iPhone.ActiveCfg = Debug|Any CPU
		{2A264C47-14DE-41AA-9D86-D77C112513EF}.Debug|iPhone.Build.0 = Debug|Any CPU
		{2A264C47-14DE-41AA-9D86-D77C112513EF}.Debug|iPhoneSimulator.ActiveCfg = Debug|Any CPU
		{2A264C47-14DE-41AA-9D86-D77C112513EF}.Debug|iPhoneSimulator.Build.0 = Debug|Any CPU
		{2A264C47-14DE-41AA-9D86-D77C112513EF}.Release|Any CPU.ActiveCfg = Release|Any CPU
		{2A264C47-14DE-41AA-9D86-D77C112513EF}.Release|Any CPU.Build.0 = Release|Any CPU
		{2A264C47-14DE-41AA-9D86-D77C112513EF}.Release|iPhone.ActiveCfg = Release|Any CPU
		{2A264C47-14DE-41AA-9D86-D77C112513EF}.Release|iPhone.Build.0 = Release|Any CPU
		{2A264C47-14DE-41AA-9D86-D77C112513EF}.Release|iPhoneSimulator.ActiveCfg = Release|Any CPU
		{2A264C47-14DE-41AA-9D86-D77C112513EF}.Release|iPhoneSimulator.Build.0 = Release|Any CPU
		{67F9D3A8-F71E-4428-913F-C37AE82CDB24}.Debug|Any CPU.ActiveCfg = Debug|Any CPU
		{67F9D3A8-F71E-4428-913F-C37AE82CDB24}.Debug|Any CPU.Build.0 = Debug|Any CPU
		{67F9D3A8-F71E-4428-913F-C37AE82CDB24}.Debug|iPhone.ActiveCfg = Debug|Any CPU
		{67F9D3A8-F71E-4428-913F-C37AE82CDB24}.Debug|iPhone.Build.0 = Debug|Any CPU
		{67F9D3A8-F71E-4428-913F-C37AE82CDB24}.Debug|iPhoneSimulator.ActiveCfg = Debug|Any CPU
		{67F9D3A8-F71E-4428-913F-C37AE82CDB24}.Debug|iPhoneSimulator.Build.0 = Debug|Any CPU
		{67F9D3A8-F71E-4428-913F-C37AE82CDB24}.Release|Any CPU.ActiveCfg = Release|Any CPU
		{67F9D3A8-F71E-4428-913F-C37AE82CDB24}.Release|Any CPU.Build.0 = Release|Any CPU
		{67F9D3A8-F71E-4428-913F-C37AE82CDB24}.Release|iPhone.ActiveCfg = Release|Any CPU
		{67F9D3A8-F71E-4428-913F-C37AE82CDB24}.Release|iPhone.Build.0 = Release|Any CPU
		{67F9D3A8-F71E-4428-913F-C37AE82CDB24}.Release|iPhoneSimulator.ActiveCfg = Release|Any CPU
		{67F9D3A8-F71E-4428-913F-C37AE82CDB24}.Release|iPhoneSimulator.Build.0 = Release|Any CPU
		{C1F34B16-A86A-4C24-8E02-78D1806D129C}.Debug|Any CPU.ActiveCfg = Debug|Any CPU
		{C1F34B16-A86A-4C24-8E02-78D1806D129C}.Debug|Any CPU.Build.0 = Debug|Any CPU
		{C1F34B16-A86A-4C24-8E02-78D1806D129C}.Debug|iPhone.ActiveCfg = Debug|Any CPU
		{C1F34B16-A86A-4C24-8E02-78D1806D129C}.Debug|iPhone.Build.0 = Debug|Any CPU
		{C1F34B16-A86A-4C24-8E02-78D1806D129C}.Debug|iPhoneSimulator.ActiveCfg = Debug|Any CPU
		{C1F34B16-A86A-4C24-8E02-78D1806D129C}.Debug|iPhoneSimulator.Build.0 = Debug|Any CPU
		{C1F34B16-A86A-4C24-8E02-78D1806D129C}.Release|Any CPU.ActiveCfg = Release|Any CPU
		{C1F34B16-A86A-4C24-8E02-78D1806D129C}.Release|Any CPU.Build.0 = Release|Any CPU
		{C1F34B16-A86A-4C24-8E02-78D1806D129C}.Release|iPhone.ActiveCfg = Release|Any CPU
		{C1F34B16-A86A-4C24-8E02-78D1806D129C}.Release|iPhone.Build.0 = Release|Any CPU
		{C1F34B16-A86A-4C24-8E02-78D1806D129C}.Release|iPhoneSimulator.ActiveCfg = Release|Any CPU
		{C1F34B16-A86A-4C24-8E02-78D1806D129C}.Release|iPhoneSimulator.Build.0 = Release|Any CPU
		{224C3184-5BE6-4CE3-B437-DFCD6B01F217}.Debug|Any CPU.ActiveCfg = Debug|Any CPU
		{224C3184-5BE6-4CE3-B437-DFCD6B01F217}.Debug|Any CPU.Build.0 = Debug|Any CPU
		{224C3184-5BE6-4CE3-B437-DFCD6B01F217}.Debug|iPhone.ActiveCfg = Debug|Any CPU
		{224C3184-5BE6-4CE3-B437-DFCD6B01F217}.Debug|iPhone.Build.0 = Debug|Any CPU
		{224C3184-5BE6-4CE3-B437-DFCD6B01F217}.Debug|iPhoneSimulator.ActiveCfg = Debug|Any CPU
		{224C3184-5BE6-4CE3-B437-DFCD6B01F217}.Debug|iPhoneSimulator.Build.0 = Debug|Any CPU
		{224C3184-5BE6-4CE3-B437-DFCD6B01F217}.Release|Any CPU.ActiveCfg = Release|Any CPU
		{224C3184-5BE6-4CE3-B437-DFCD6B01F217}.Release|Any CPU.Build.0 = Release|Any CPU
		{224C3184-5BE6-4CE3-B437-DFCD6B01F217}.Release|iPhone.ActiveCfg = Release|Any CPU
		{224C3184-5BE6-4CE3-B437-DFCD6B01F217}.Release|iPhone.Build.0 = Release|Any CPU
		{224C3184-5BE6-4CE3-B437-DFCD6B01F217}.Release|iPhoneSimulator.ActiveCfg = Release|Any CPU
		{224C3184-5BE6-4CE3-B437-DFCD6B01F217}.Release|iPhoneSimulator.Build.0 = Release|Any CPU
		{07913557-E20B-4BD8-9790-157757B2A5BB}.Debug|Any CPU.ActiveCfg = Debug|Any CPU
		{07913557-E20B-4BD8-9790-157757B2A5BB}.Debug|Any CPU.Build.0 = Debug|Any CPU
		{07913557-E20B-4BD8-9790-157757B2A5BB}.Debug|iPhone.ActiveCfg = Debug|Any CPU
		{07913557-E20B-4BD8-9790-157757B2A5BB}.Debug|iPhone.Build.0 = Debug|Any CPU
		{07913557-E20B-4BD8-9790-157757B2A5BB}.Debug|iPhoneSimulator.ActiveCfg = Debug|Any CPU
		{07913557-E20B-4BD8-9790-157757B2A5BB}.Debug|iPhoneSimulator.Build.0 = Debug|Any CPU
		{07913557-E20B-4BD8-9790-157757B2A5BB}.Release|Any CPU.ActiveCfg = Release|Any CPU
		{07913557-E20B-4BD8-9790-157757B2A5BB}.Release|Any CPU.Build.0 = Release|Any CPU
		{07913557-E20B-4BD8-9790-157757B2A5BB}.Release|iPhone.ActiveCfg = Release|Any CPU
		{07913557-E20B-4BD8-9790-157757B2A5BB}.Release|iPhone.Build.0 = Release|Any CPU
		{07913557-E20B-4BD8-9790-157757B2A5BB}.Release|iPhoneSimulator.ActiveCfg = Release|Any CPU
		{07913557-E20B-4BD8-9790-157757B2A5BB}.Release|iPhoneSimulator.Build.0 = Release|Any CPU
		{9D206E80-E210-4DC0-9D4C-E0DF72B18780}.Debug|Any CPU.ActiveCfg = Debug|Any CPU
		{9D206E80-E210-4DC0-9D4C-E0DF72B18780}.Debug|Any CPU.Build.0 = Debug|Any CPU
		{9D206E80-E210-4DC0-9D4C-E0DF72B18780}.Debug|iPhone.ActiveCfg = Debug|Any CPU
		{9D206E80-E210-4DC0-9D4C-E0DF72B18780}.Debug|iPhone.Build.0 = Debug|Any CPU
		{9D206E80-E210-4DC0-9D4C-E0DF72B18780}.Debug|iPhoneSimulator.ActiveCfg = Debug|Any CPU
		{9D206E80-E210-4DC0-9D4C-E0DF72B18780}.Debug|iPhoneSimulator.Build.0 = Debug|Any CPU
		{9D206E80-E210-4DC0-9D4C-E0DF72B18780}.Release|Any CPU.ActiveCfg = Release|Any CPU
		{9D206E80-E210-4DC0-9D4C-E0DF72B18780}.Release|Any CPU.Build.0 = Release|Any CPU
		{9D206E80-E210-4DC0-9D4C-E0DF72B18780}.Release|iPhone.ActiveCfg = Release|Any CPU
		{9D206E80-E210-4DC0-9D4C-E0DF72B18780}.Release|iPhone.Build.0 = Release|Any CPU
		{9D206E80-E210-4DC0-9D4C-E0DF72B18780}.Release|iPhoneSimulator.ActiveCfg = Release|Any CPU
		{9D206E80-E210-4DC0-9D4C-E0DF72B18780}.Release|iPhoneSimulator.Build.0 = Release|Any CPU
		{8247EA89-8A36-4519-AE96-F01C0D518CC1}.Debug|Any CPU.ActiveCfg = Debug|Any CPU
		{8247EA89-8A36-4519-AE96-F01C0D518CC1}.Debug|Any CPU.Build.0 = Debug|Any CPU
		{8247EA89-8A36-4519-AE96-F01C0D518CC1}.Debug|iPhone.ActiveCfg = Debug|Any CPU
		{8247EA89-8A36-4519-AE96-F01C0D518CC1}.Debug|iPhone.Build.0 = Debug|Any CPU
		{8247EA89-8A36-4519-AE96-F01C0D518CC1}.Debug|iPhoneSimulator.ActiveCfg = Debug|Any CPU
		{8247EA89-8A36-4519-AE96-F01C0D518CC1}.Debug|iPhoneSimulator.Build.0 = Debug|Any CPU
		{8247EA89-8A36-4519-AE96-F01C0D518CC1}.Release|Any CPU.ActiveCfg = Release|Any CPU
		{8247EA89-8A36-4519-AE96-F01C0D518CC1}.Release|Any CPU.Build.0 = Release|Any CPU
		{8247EA89-8A36-4519-AE96-F01C0D518CC1}.Release|iPhone.ActiveCfg = Release|Any CPU
		{8247EA89-8A36-4519-AE96-F01C0D518CC1}.Release|iPhone.Build.0 = Release|Any CPU
		{8247EA89-8A36-4519-AE96-F01C0D518CC1}.Release|iPhoneSimulator.ActiveCfg = Release|Any CPU
		{8247EA89-8A36-4519-AE96-F01C0D518CC1}.Release|iPhoneSimulator.Build.0 = Release|Any CPU
		{FB4098FE-E8C1-4CDC-AB0B-75B7A9697067}.Debug|Any CPU.ActiveCfg = Debug|Any CPU
		{FB4098FE-E8C1-4CDC-AB0B-75B7A9697067}.Debug|Any CPU.Build.0 = Debug|Any CPU
		{FB4098FE-E8C1-4CDC-AB0B-75B7A9697067}.Debug|iPhone.ActiveCfg = Debug|Any CPU
		{FB4098FE-E8C1-4CDC-AB0B-75B7A9697067}.Debug|iPhone.Build.0 = Debug|Any CPU
		{FB4098FE-E8C1-4CDC-AB0B-75B7A9697067}.Debug|iPhoneSimulator.ActiveCfg = Debug|Any CPU
		{FB4098FE-E8C1-4CDC-AB0B-75B7A9697067}.Debug|iPhoneSimulator.Build.0 = Debug|Any CPU
		{FB4098FE-E8C1-4CDC-AB0B-75B7A9697067}.Release|Any CPU.ActiveCfg = Release|Any CPU
		{FB4098FE-E8C1-4CDC-AB0B-75B7A9697067}.Release|Any CPU.Build.0 = Release|Any CPU
		{FB4098FE-E8C1-4CDC-AB0B-75B7A9697067}.Release|iPhone.ActiveCfg = Release|Any CPU
		{FB4098FE-E8C1-4CDC-AB0B-75B7A9697067}.Release|iPhone.Build.0 = Release|Any CPU
		{FB4098FE-E8C1-4CDC-AB0B-75B7A9697067}.Release|iPhoneSimulator.ActiveCfg = Release|Any CPU
		{FB4098FE-E8C1-4CDC-AB0B-75B7A9697067}.Release|iPhoneSimulator.Build.0 = Release|Any CPU
	EndGlobalSection
	GlobalSection(SolutionProperties) = preSolution
		HideSolutionNode = FALSE
	EndGlobalSection
EndGlobal
